
Microsoft Visual Studio Solution File, Format Version 12.00
# Visual Studio Version 17
VisualStudioVersion = 17.11.35327.3
MinimumVisualStudioVersion = 10.0.40219.1
Project("{FAE04EC0-301F-11D3-BF4B-00C04F79EFBC}") = "SmallProjects", "SmallProjects\SmallProjects.csproj", "{39C968E0-B5D1-4726-A4B2-2A997B67FCCB}"
EndProject
Global
	GlobalSection(SolutionConfigurationPlatforms) = preSolution
		Debug|Any CPU = Debug|Any CPU
		Release|Any CPU = Release|Any CPU
	EndGlobalSection
	GlobalSection(ProjectConfigurationPlatforms) = postSolution
		{39C968E0-B5D1-4726-A4B2-2A997B67FCCB}.Debug|Any CPU.ActiveCfg = Debug|Any CPU
		{39C968E0-B5D1-4726-A4B2-2A997B67FCCB}.Debug|Any CPU.Build.0 = Debug|Any CPU
		{39C968E0-B5D1-4726-A4B2-2A997B67FCCB}.Release|Any CPU.ActiveCfg = Release|Any CPU
		{39C968E0-B5D1-4726-A4B2-2A997B67FCCB}.Release|Any CPU.Build.0 = Release|Any CPU
	EndGlobalSection
	GlobalSection(SolutionProperties) = preSolution
		HideSolutionNode = FALSE
	EndGlobalSection
	GlobalSection(ExtensibilityGlobals) = postSolution
		SolutionGuid = {0AADD302-C7E5-44BC-ABA0-B5CD11866662}
	EndGlobalSection
EndGlobal
